// !$*UTF8*$!
{
	archiveVersion = 1;
	classes = {
	};
	objectVersion = 48;
	objects = {

/* Begin PBXBuildFile section */
		8CF76B161F811E8100DC9885 /* AppDelegate.swift in Sources */ = {isa = PBXBuildFile; fileRef = 8CF76B151F811E8100DC9885 /* AppDelegate.swift */; };
		8CF76B181F811E8100DC9885 /* ViewController.swift in Sources */ = {isa = PBXBuildFile; fileRef = 8CF76B171F811E8100DC9885 /* ViewController.swift */; };
		8CF76B1B1F811E8100DC9885 /* Main.storyboard in Resources */ = {isa = PBXBuildFile; fileRef = 8CF76B191F811E8100DC9885 /* Main.storyboard */; };
		8CF76B1D1F811E8100DC9885 /* Assets.xcassets in Resources */ = {isa = PBXBuildFile; fileRef = 8CF76B1C1F811E8100DC9885 /* Assets.xcassets */; };
		8CF76B201F811E8100DC9885 /* LaunchScreen.storyboard in Resources */ = {isa = PBXBuildFile; fileRef = 8CF76B1E1F811E8100DC9885 /* LaunchScreen.storyboard */; };
/* End PBXBuildFile section */

/* Begin PBXFileReference section */
		8CF76B121F811E8100DC9885 /* CollageShare.app */ = {isa = PBXFileReference; explicitFileType = wrapper.application; includeInIndex = 0; path = CollageShare.app; sourceTree = BUILT_PRODUCTS_DIR; };
		8CF76B151F811E8100DC9885 /* AppDelegate.swift */ = {isa = PBXFileReference; lastKnownFileType = sourcecode.swift; path = AppDelegate.swift; sourceTree = "<group>"; };
		8CF76B171F811E8100DC9885 /* ViewController.swift */ = {isa = PBXFileReference; lastKnownFileType = sourcecode.swift; path = ViewController.swift; sourceTree = "<group>"; };
		8CF76B1A1F811E8100DC9885 /* Base */ = {isa = PBXFileReference; lastKnownFileType = file.storyboard; name = Base; path = Base.lproj/Main.storyboard; sourceTree = "<group>"; };
		8CF76B1C1F811E8100DC9885 /* Assets.xcassets */ = {isa = PBXFileReference; lastKnownFileType = folder.assetcatalog; path = Assets.xcassets; sourceTree = "<group>"; };
		8CF76B1F1F811E8100DC9885 /* Base */ = {isa = PBXFileReference; lastKnownFileType = file.storyboard; name = Base; path = Base.lproj/LaunchScreen.storyboard; sourceTree = "<group>"; };
		8CF76B211F811E8100DC9885 /* Info.plist */ = {isa = PBXFileReference; lastKnownFileType = text.plist.xml; name = Info.plist; path = CollageShare/Info.plist; sourceTree = SOURCE_ROOT; };
/* End PBXFileReference section */

/* Begin PBXFrameworksBuildPhase section */
		8CF76B0F1F811E8100DC9885 /* Frameworks */ = {
			isa = PBXFrameworksBuildPhase;
			buildActionMask = 2147483647;
			files = (
			);
			runOnlyForDeploymentPostprocessing = 0;
		};
/* End PBXFrameworksBuildPhase section */

/* Begin PBXGroup section */
		8CF76B091F811E8100DC9885 = {
			isa = PBXGroup;
			children = (
				8CF76B141F811E8100DC9885 /* CollageShare */,
				8CF76B131F811E8100DC9885 /* Products */,
			);
			sourceTree = "<group>";
		};
		8CF76B131F811E8100DC9885 /* Products */ = {
			isa = PBXGroup;
			children = (
				8CF76B121F811E8100DC9885 /* CollageShare.app */,
			);
			name = Products;
			sourceTree = "<group>";
		};
		8CF76B141F811E8100DC9885 /* CollageShare */ = {
			isa = PBXGroup;
			children = (
				8CF76B211F811E8100DC9885 /* Info.plist */,
				8CF76B271F811E9000DC9885 /* Supporting Files */,
				8CF76B171F811E8100DC9885 /* ViewController.swift */,
				8CF76B191F811E8100DC9885 /* Main.storyboard */,
			);
			path = CollageShare;
			sourceTree = "<group>";
		};
		8CF76B271F811E9000DC9885 /* Supporting Files */ = {
			isa = PBXGroup;
			children = (
				8CF76B151F811E8100DC9885 /* AppDelegate.swift */,
				8CF76B1C1F811E8100DC9885 /* Assets.xcassets */,
				8CF76B1E1F811E8100DC9885 /* LaunchScreen.storyboard */,
			);
			name = "Supporting Files";
			path = "CollageShare/Supporting Files";
			sourceTree = SOURCE_ROOT;
		};
/* End PBXGroup section */

/* Begin PBXNativeTarget section */
		8CF76B111F811E8100DC9885 /* CollageShare */ = {
			isa = PBXNativeTarget;
			buildConfigurationList = 8CF76B241F811E8100DC9885 /* Build configuration list for PBXNativeTarget "CollageShare" */;
			buildPhases = (
				8CF76B0E1F811E8100DC9885 /* Sources */,
				8CF76B0F1F811E8100DC9885 /* Frameworks */,
				8CF76B101F811E8100DC9885 /* Resources */,
			);
			buildRules = (
			);
			dependencies = (
			);
			name = CollageShare;
			productName = CollageShare;
			productReference = 8CF76B121F811E8100DC9885 /* CollageShare.app */;
			productType = "com.apple.product-type.application";
		};
/* End PBXNativeTarget section */

/* Begin PBXProject section */
		8CF76B0A1F811E8100DC9885 /* Project object */ = {
			isa = PBXProject;
			attributes = {
				LastSwiftUpdateCheck = 0900;
				LastUpgradeCheck = 0900;
				ORGANIZATIONNAME = "Yu Sun";
				TargetAttributes = {
					8CF76B111F811E8100DC9885 = {
						CreatedOnToolsVersion = 9.0;
						ProvisioningStyle = Automatic;
					};
				};
			};
			buildConfigurationList = 8CF76B0D1F811E8100DC9885 /* Build configuration list for PBXProject "CollageShare" */;
			compatibilityVersion = "Xcode 8.0";
			developmentRegion = en;
			hasScannedForEncodings = 0;
			knownRegions = (
				en,
				Base,
			);
			mainGroup = 8CF76B091F811E8100DC9885;
			productRefGroup = 8CF76B131F811E8100DC9885 /* Products */;
			projectDirPath = "";
			projectRoot = "";
			targets = (
				8CF76B111F811E8100DC9885 /* CollageShare */,
			);
		};
/* End PBXProject section */

/* Begin PBXResourcesBuildPhase section */
		8CF76B101F811E8100DC9885 /* Resources */ = {
			isa = PBXResourcesBuildPhase;
			buildActionMask = 2147483647;
			files = (
				8CF76B201F811E8100DC9885 /* LaunchScreen.storyboard in Resources */,
				8CF76B1D1F811E8100DC9885 /* Assets.xcassets in Resources */,
				8CF76B1B1F811E8100DC9885 /* Main.storyboard in Resources */,
			);
			runOnlyForDeploymentPostprocessing = 0;
		};
/* End PBXResourcesBuildPhase section */

/* Begin PBXSourcesBuildPhase section */
		8CF76B0E1F811E8100DC9885 /* Sources */ = {
			isa = PBXSourcesBuildPhase;
			buildActionMask = 2147483647;
			files = (
				8CF76B181F811E8100DC9885 /* ViewController.swift in Sources */,
				8CF76B161F811E8100DC9885 /* AppDelegate.swift in Sources */,
			);
			runOnlyForDeploymentPostprocessing = 0;
		};
/* End PBXSourcesBuildPhase section */

/* Begin PBXVariantGroup section */
		8CF76B191F811E8100DC9885 /* Main.storyboard */ = {
			isa = PBXVariantGroup;
			children = (
				8CF76B1A1F811E8100DC9885 /* Base */,
			);
			name = Main.storyboard;
			sourceTree = "<group>";
		};
		8CF76B1E1F811E8100DC9885 /* LaunchScreen.storyboard */ = {
			isa = PBXVariantGroup;
			children = (
				8CF76B1F1F811E8100DC9885 /* Base */,
			);
			name = LaunchScreen.storyboard;
			sourceTree = "<group>";
		};
/* End PBXVariantGroup section */

/* Begin XCBuildConfiguration section */
		8CF76B221F811E8100DC9885 /* Debug */ = {
			isa = XCBuildConfiguration;
			buildSettings = {
				ALWAYS_SEARCH_USER_PATHS = NO;
				CLANG_ANALYZER_NONNULL = YES;
				CLANG_ANALYZER_NUMBER_OBJECT_CONVERSION = YES_AGGRESSIVE;
				CLANG_CXX_LANGUAGE_STANDARD = "gnu++14";
				CLANG_CXX_LIBRARY = "libc++";
				CLANG_ENABLE_MODULES = YES;
				CLANG_ENABLE_OBJC_ARC = YES;
				CLANG_WARN_BLOCK_CAPTURE_AUTORELEASING = YES;
				CLANG_WARN_BOOL_CONVERSION = YES;
				CLANG_WARN_COMMA = YES;
				CLANG_WARN_CONSTANT_CONVERSION = YES;
				CLANG_WARN_DIRECT_OBJC_ISA_USAGE = YES_ERROR;
				CLANG_WARN_DOCUMENTATION_COMMENTS = YES;
				CLANG_WARN_EMPTY_BODY = YES;
				CLANG_WARN_ENUM_CONVERSION = YES;
				CLANG_WARN_INFINITE_RECURSION = YES;
				CLANG_WARN_INT_CONVERSION = YES;
				CLANG_WARN_NON_LITERAL_NULL_CONVERSION = YES;
				CLANG_WARN_OBJC_LITERAL_CONVERSION = YES;
				CLANG_WARN_OBJC_ROOT_CLASS = YES_ERROR;
				CLANG_WARN_RANGE_LOOP_ANALYSIS = YES;
				CLANG_WARN_STRICT_PROTOTYPES = YES;
				CLANG_WARN_SUSPICIOUS_MOVE = YES;
				CLANG_WARN_UNGUARDED_AVAILABILITY = YES_AGGRESSIVE;
				CLANG_WARN_UNREACHABLE_CODE = YES;
				CLANG_WARN__DUPLICATE_METHOD_MATCH = YES;
				CODE_SIGN_IDENTITY = "iPhone Developer";
				COPY_PHASE_STRIP = NO;
				DEBUG_INFORMATION_FORMAT = dwarf;
				ENABLE_STRICT_OBJC_MSGSEND = YES;
				ENABLE_TESTABILITY = YES;
				GCC_C_LANGUAGE_STANDARD = gnu11;
				GCC_DYNAMIC_NO_PIC = NO;
				GCC_NO_COMMON_BLOCKS = YES;
				GCC_OPTIMIZATION_LEVEL = 0;
				GCC_PREPROCESSOR_DEFINITIONS = (
					"DEBUG=1",
					"$(inherited)",
				);
				GCC_WARN_64_TO_32_BIT_CONVERSION = YES;
				GCC_WARN_ABOUT_RETURN_TYPE = YES_ERROR;
				GCC_WARN_UNDECLARED_SELECTOR = YES;
				GCC_WARN_UNINITIALIZED_AUTOS = YES_AGGRESSIVE;
				GCC_WARN_UNUSED_FUNCTION = YES;
				GCC_WARN_UNUSED_VARIABLE = YES;
				IPHONEOS_DEPLOYMENT_TARGET = 11.0;
				MTL_ENABLE_DEBUG_INFO = YES;
				ONLY_ACTIVE_ARCH = YES;
				SDKROOT = iphoneos;
				SWIFT_ACTIVE_COMPILATION_CONDITIONS = DEBUG;
				SWIFT_OPTIMIZATION_LEVEL = "-Onone";
			};
			name = Debug;
		};
		8CF76B231F811E8100DC9885 /* Release */ = {
			isa = XCBuildConfiguration;
			buildSettings = {
				ALWAYS_SEARCH_USER_PATHS = NO;
				CLANG_ANALYZER_NONNULL = YES;
				CLANG_ANALYZER_NUMBER_OBJECT_CONVERSION = YES_AGGRESSIVE;
				CLANG_CXX_LANGUAGE_STANDARD = "gnu++14";
				CLANG_CXX_LIBRARY = "libc++";
				CLANG_ENABLE_MODULES = YES;
				CLANG_ENABLE_OBJC_ARC = YES;
				CLANG_WARN_BLOCK_CAPTURE_AUTORELEASING = YES;
				CLANG_WARN_BOOL_CONVERSION = YES;
				CLANG_WARN_COMMA = YES;
				CLANG_WARN_CONSTANT_CONVERSION = YES;
				CLANG_WARN_DIRECT_OBJC_ISA_USAGE = YES_ERROR;
				CLANG_WARN_DOCUMENTATION_COMMENTS = YES;
				CLANG_WARN_EMPTY_BODY = YES;
				CLANG_WARN_ENUM_CONVERSION = YES;
				CLANG_WARN_INFINITE_RECURSION = YES;
				CLANG_WARN_INT_CONVERSION = YES;
				CLANG_WARN_NON_LITERAL_NULL_CONVERSION = YES;
				CLANG_WARN_OBJC_LITERAL_CONVERSION = YES;
				CLANG_WARN_OBJC_ROOT_CLASS = YES_ERROR;
				CLANG_WARN_RANGE_LOOP_ANALYSIS = YES;
				CLANG_WARN_STRICT_PROTOTYPES = YES;
				CLANG_WARN_SUSPICIOUS_MOVE = YES;
				CLANG_WARN_UNGUARDED_AVAILABILITY = YES_AGGRESSIVE;
				CLANG_WARN_UNREACHABLE_CODE = YES;
				CLANG_WARN__DUPLICATE_METHOD_MATCH = YES;
				CODE_SIGN_IDENTITY = "iPhone Developer";
				COPY_PHASE_STRIP = NO;
				DEBUG_INFORMATION_FORMAT = "dwarf-with-dsym";
				ENABLE_NS_ASSERTIONS = NO;
				ENABLE_STRICT_OBJC_MSGSEND = YES;
				GCC_C_LANGUAGE_STANDARD = gnu11;
				GCC_NO_COMMON_BLOCKS = YES;
				GCC_WARN_64_TO_32_BIT_CONVERSION = YES;
				GCC_WARN_ABOUT_RETURN_TYPE = YES_ERROR;
				GCC_WARN_UNDECLARED_SELECTOR = YES;
				GCC_WARN_UNINITIALIZED_AUTOS = YES_AGGRESSIVE;
				GCC_WARN_UNUSED_FUNCTION = YES;
				GCC_WARN_UNUSED_VARIABLE = YES;
				IPHONEOS_DEPLOYMENT_TARGET = 11.0;
				MTL_ENABLE_DEBUG_INFO = NO;
				SDKROOT = iphoneos;
				SWIFT_OPTIMIZATION_LEVEL = "-Owholemodule";
				VALIDATE_PRODUCT = YES;
			};
			name = Release;
		};
		8CF76B251F811E8100DC9885 /* Debug */ = {
			isa = XCBuildConfiguration;
			buildSettings = {
				ASSETCATALOG_COMPILER_APPICON_NAME = AppIcon;
				CODE_SIGN_STYLE = Automatic;
				DEVELOPMENT_TEAM = 88JGBRLZ4C;
				INFOPLIST_FILE = CollageShare/Info.plist;
				LD_RUNPATH_SEARCH_PATHS = "$(inherited) @executable_path/Frameworks";
				PRODUCT_BUNDLE_IDENTIFIER = AusYSun.CollageShare;
				PRODUCT_NAME = "$(TARGET_NAME)";
				SWIFT_VERSION = 4.0;
				TARGETED_DEVICE_FAMILY = "1,2";
			};
			name = Debug;
		};
		8CF76B261F811E8100DC9885 /* Release */ = {
			isa = XCBuildConfiguration;
			buildSettings = {
				ASSETCATALOG_COMPILER_APPICON_NAME = AppIcon;
				CODE_SIGN_STYLE = Automatic;
				DEVELOPMENT_TEAM = 88JGBRLZ4C;
				INFOPLIST_FILE = CollageShare/Info.plist;
				LD_RUNPATH_SEARCH_PATHS = "$(inherited) @executable_path/Frameworks";
				PRODUCT_BUNDLE_IDENTIFIER = AusYSun.CollageShare;
				PRODUCT_NAME = "$(TARGET_NAME)";
				SWIFT_VERSION = 4.0;
				TARGETED_DEVICE_FAMILY = "1,2";
			};
			name = Release;
		};
/* End XCBuildConfiguration section */

/* Begin XCConfigurationList section */
		8CF76B0D1F811E8100DC9885 /* Build configuration list for PBXProject "CollageShare" */ = {
			isa = XCConfigurationList;
			buildConfigurations = (
				8CF76B221F811E8100DC9885 /* Debug */,
				8CF76B231F811E8100DC9885 /* Release */,
			);
			defaultConfigurationIsVisible = 0;
			defaultConfigurationName = Release;
		};
		8CF76B241F811E8100DC9885 /* Build configuration list for PBXNativeTarget "CollageShare" */ = {
			isa = XCConfigurationList;
			buildConfigurations = (
				8CF76B251F811E8100DC9885 /* Debug */,
				8CF76B261F811E8100DC9885 /* Release */,
			);
			defaultConfigurationIsVisible = 0;
			defaultConfigurationName = Release;
		};
/* End XCConfigurationList section */
	};
	rootObject = 8CF76B0A1F811E8100DC9885 /* Project object */;
}
