// !$*UTF8*$!
{
	archiveVersion = 1;
	classes = {
	};
	objectVersion = 46;
	objects = {

/* Begin PBXBuildFile section */
		54D9A1B11F628DB1006E0C76 /* AppDelegate.swift in Sources */ = {isa = PBXBuildFile; fileRef = 54D9A1B01F628DB1006E0C76 /* AppDelegate.swift */; };
		54D9A1B31F628DB1006E0C76 /* FirstVC.swift in Sources */ = {isa = PBXBuildFile; fileRef = 54D9A1B21F628DB1006E0C76 /* FirstVC.swift */; };
		54D9A1B61F628DB1006E0C76 /* Main.storyboard in Resources */ = {isa = PBXBuildFile; fileRef = 54D9A1B41F628DB1006E0C76 /* Main.storyboard */; };
		54D9A1B81F628DB1006E0C76 /* Assets.xcassets in Resources */ = {isa = PBXBuildFile; fileRef = 54D9A1B71F628DB1006E0C76 /* Assets.xcassets */; };
		54D9A1BB1F628DB1006E0C76 /* LaunchScreen.storyboard in Resources */ = {isa = PBXBuildFile; fileRef = 54D9A1B91F628DB1006E0C76 /* LaunchScreen.storyboard */; };
		54D9A1C61F62B6DD006E0C76 /* UserNotifications.framework in Frameworks */ = {isa = PBXBuildFile; fileRef = 54D9A1C51F62B6DD006E0C76 /* UserNotifications.framework */; };
		54E1E40E1F640EE900120212 /* SecondVC.swift in Sources */ = {isa = PBXBuildFile; fileRef = 54E1E40D1F640EE900120212 /* SecondVC.swift */; };
/* End PBXBuildFile section */

/* Begin PBXFileReference section */
		54D9A1AD1F628DB1006E0C76 /* PushNotification.app */ = {isa = PBXFileReference; explicitFileType = wrapper.application; includeInIndex = 0; path = PushNotification.app; sourceTree = BUILT_PRODUCTS_DIR; };
		54D9A1B01F628DB1006E0C76 /* AppDelegate.swift */ = {isa = PBXFileReference; lastKnownFileType = sourcecode.swift; path = AppDelegate.swift; sourceTree = "<group>"; };
		54D9A1B21F628DB1006E0C76 /* FirstVC.swift */ = {isa = PBXFileReference; lastKnownFileType = sourcecode.swift; path = FirstVC.swift; sourceTree = "<group>"; };
		54D9A1B51F628DB1006E0C76 /* Base */ = {isa = PBXFileReference; lastKnownFileType = file.storyboard; name = Base; path = Base.lproj/Main.storyboard; sourceTree = "<group>"; };
		54D9A1B71F628DB1006E0C76 /* Assets.xcassets */ = {isa = PBXFileReference; lastKnownFileType = folder.assetcatalog; path = Assets.xcassets; sourceTree = "<group>"; };
		54D9A1BA1F628DB1006E0C76 /* Base */ = {isa = PBXFileReference; lastKnownFileType = file.storyboard; name = Base; path = Base.lproj/LaunchScreen.storyboard; sourceTree = "<group>"; };
		54D9A1BC1F628DB1006E0C76 /* Info.plist */ = {isa = PBXFileReference; lastKnownFileType = text.plist.xml; path = Info.plist; sourceTree = "<group>"; };
		54D9A1C31F628E8D006E0C76 /* PushNotification.entitlements */ = {isa = PBXFileReference; lastKnownFileType = text.plist.entitlements; path = PushNotification.entitlements; sourceTree = "<group>"; };
		54D9A1C51F62B6DD006E0C76 /* UserNotifications.framework */ = {isa = PBXFileReference; lastKnownFileType = wrapper.framework; name = UserNotifications.framework; path = System/Library/Frameworks/UserNotifications.framework; sourceTree = SDKROOT; };
		54E1E40D1F640EE900120212 /* SecondVC.swift */ = {isa = PBXFileReference; fileEncoding = 4; lastKnownFileType = sourcecode.swift; path = SecondVC.swift; sourceTree = "<group>"; };
/* End PBXFileReference section */

/* Begin PBXFrameworksBuildPhase section */
		54D9A1AA1F628DB1006E0C76 /* Frameworks */ = {
			isa = PBXFrameworksBuildPhase;
			buildActionMask = 2147483647;
			files = (
				54D9A1C61F62B6DD006E0C76 /* UserNotifications.framework in Frameworks */,
			);
			runOnlyForDeploymentPostprocessing = 0;
		};
/* End PBXFrameworksBuildPhase section */

/* Begin PBXGroup section */
		54D9A1A41F628DB1006E0C76 = {
			isa = PBXGroup;
			children = (
				54D9A1AF1F628DB1006E0C76 /* PushNotification */,
				54D9A1AE1F628DB1006E0C76 /* Products */,
				54D9A1C41F62B6DC006E0C76 /* Frameworks */,
			);
			sourceTree = "<group>";
		};
		54D9A1AE1F628DB1006E0C76 /* Products */ = {
			isa = PBXGroup;
			children = (
				54D9A1AD1F628DB1006E0C76 /* PushNotification.app */,
			);
			name = Products;
			sourceTree = "<group>";
		};
		54D9A1AF1F628DB1006E0C76 /* PushNotification */ = {
			isa = PBXGroup;
			children = (
				54D9A1C31F628E8D006E0C76 /* PushNotification.entitlements */,
				54D9A1B01F628DB1006E0C76 /* AppDelegate.swift */,
				54D9A1B21F628DB1006E0C76 /* FirstVC.swift */,
				54E1E40D1F640EE900120212 /* SecondVC.swift */,
				54D9A1B41F628DB1006E0C76 /* Main.storyboard */,
				54D9A1C21F628DD5006E0C76 /* Supporting Files */,
			);
			path = PushNotification;
			sourceTree = "<group>";
		};
		54D9A1C21F628DD5006E0C76 /* Supporting Files */ = {
			isa = PBXGroup;
			children = (
				54D9A1B71F628DB1006E0C76 /* Assets.xcassets */,
				54D9A1B91F628DB1006E0C76 /* LaunchScreen.storyboard */,
				54D9A1BC1F628DB1006E0C76 /* Info.plist */,
			);
			name = "Supporting Files";
			sourceTree = "<group>";
		};
		54D9A1C41F62B6DC006E0C76 /* Frameworks */ = {
			isa = PBXGroup;
			children = (
				54D9A1C51F62B6DD006E0C76 /* UserNotifications.framework */,
			);
			name = Frameworks;
			sourceTree = "<group>";
		};
/* End PBXGroup section */

/* Begin PBXNativeTarget section */
		54D9A1AC1F628DB1006E0C76 /* PushNotification */ = {
			isa = PBXNativeTarget;
			buildConfigurationList = 54D9A1BF1F628DB1006E0C76 /* Build configuration list for PBXNativeTarget "PushNotification" */;
			buildPhases = (
				54D9A1A91F628DB1006E0C76 /* Sources */,
				54D9A1AA1F628DB1006E0C76 /* Frameworks */,
				54D9A1AB1F628DB1006E0C76 /* Resources */,
			);
			buildRules = (
			);
			dependencies = (
			);
			name = PushNotification;
			productName = PushNotification;
			productReference = 54D9A1AD1F628DB1006E0C76 /* PushNotification.app */;
			productType = "com.apple.product-type.application";
		};
/* End PBXNativeTarget section */

/* Begin PBXProject section */
		54D9A1A51F628DB1006E0C76 /* Project object */ = {
			isa = PBXProject;
			attributes = {
				LastSwiftUpdateCheck = 0830;
				LastUpgradeCheck = 0830;
				ORGANIZATIONNAME = "SUN YU";
				TargetAttributes = {
					54D9A1AC1F628DB1006E0C76 = {
						CreatedOnToolsVersion = 8.3.3;
						DevelopmentTeam = 88JGBRLZ4C;
						ProvisioningStyle = Automatic;
						SystemCapabilities = {
							com.apple.BackgroundModes = {
								enabled = 0;
							};
							com.apple.Push = {
								enabled = 1;
							};
						};
					};
				};
			};
			buildConfigurationList = 54D9A1A81F628DB1006E0C76 /* Build configuration list for PBXProject "PushNotification" */;
			compatibilityVersion = "Xcode 3.2";
			developmentRegion = English;
			hasScannedForEncodings = 0;
			knownRegions = (
				en,
				Base,
			);
			mainGroup = 54D9A1A41F628DB1006E0C76;
			productRefGroup = 54D9A1AE1F628DB1006E0C76 /* Products */;
			projectDirPath = "";
			projectRoot = "";
			targets = (
				54D9A1AC1F628DB1006E0C76 /* PushNotification */,
			);
		};
/* End PBXProject section */

/* Begin PBXResourcesBuildPhase section */
		54D9A1AB1F628DB1006E0C76 /* Resources */ = {
			isa = PBXResourcesBuildPhase;
			buildActionMask = 2147483647;
			files = (
				54D9A1BB1F628DB1006E0C76 /* LaunchScreen.storyboard in Resources */,
				54D9A1B81F628DB1006E0C76 /* Assets.xcassets in Resources */,
				54D9A1B61F628DB1006E0C76 /* Main.storyboard in Resources */,
			);
			runOnlyForDeploymentPostprocessing = 0;
		};
/* End PBXResourcesBuildPhase section */

/* Begin PBXSourcesBuildPhase section */
		54D9A1A91F628DB1006E0C76 /* Sources */ = {
			isa = PBXSourcesBuildPhase;
			buildActionMask = 2147483647;
			files = (
				54D9A1B31F628DB1006E0C76 /* FirstVC.swift in Sources */,
				54E1E40E1F640EE900120212 /* SecondVC.swift in Sources */,
				54D9A1B11F628DB1006E0C76 /* AppDelegate.swift in Sources */,
			);
			runOnlyForDeploymentPostprocessing = 0;
		};
/* End PBXSourcesBuildPhase section */

/* Begin PBXVariantGroup section */
		54D9A1B41F628DB1006E0C76 /* Main.storyboard */ = {
			isa = PBXVariantGroup;
			children = (
				54D9A1B51F628DB1006E0C76 /* Base */,
			);
			name = Main.storyboard;
			sourceTree = "<group>";
		};
		54D9A1B91F628DB1006E0C76 /* LaunchScreen.storyboard */ = {
			isa = PBXVariantGroup;
			children = (
				54D9A1BA1F628DB1006E0C76 /* Base */,
			);
			name = LaunchScreen.storyboard;
			sourceTree = "<group>";
		};
/* End PBXVariantGroup section */

/* Begin XCBuildConfiguration section */
		54D9A1BD1F628DB1006E0C76 /* Debug */ = {
			isa = XCBuildConfiguration;
			buildSettings = {
				ALWAYS_SEARCH_USER_PATHS = NO;
				CLANG_ANALYZER_NONNULL = YES;
				CLANG_ANALYZER_NUMBER_OBJECT_CONVERSION = YES_AGGRESSIVE;
				CLANG_CXX_LANGUAGE_STANDARD = "gnu++0x";
				CLANG_CXX_LIBRARY = "libc++";
				CLANG_ENABLE_MODULES = YES;
				CLANG_ENABLE_OBJC_ARC = YES;
				CLANG_WARN_BOOL_CONVERSION = YES;
				CLANG_WARN_CONSTANT_CONVERSION = YES;
				CLANG_WARN_DIRECT_OBJC_ISA_USAGE = YES_ERROR;
				CLANG_WARN_DOCUMENTATION_COMMENTS = YES;
				CLANG_WARN_EMPTY_BODY = YES;
				CLANG_WARN_ENUM_CONVERSION = YES;
				CLANG_WARN_INFINITE_RECURSION = YES;
				CLANG_WARN_INT_CONVERSION = YES;
				CLANG_WARN_OBJC_ROOT_CLASS = YES_ERROR;
				CLANG_WARN_SUSPICIOUS_MOVE = YES;
				CLANG_WARN_UNREACHABLE_CODE = YES;
				CLANG_WARN__DUPLICATE_METHOD_MATCH = YES;
				"CODE_SIGN_IDENTITY[sdk=iphoneos*]" = "iPhone Developer";
				COPY_PHASE_STRIP = NO;
				DEBUG_INFORMATION_FORMAT = dwarf;
				ENABLE_STRICT_OBJC_MSGSEND = YES;
				ENABLE_TESTABILITY = YES;
				GCC_C_LANGUAGE_STANDARD = gnu99;
				GCC_DYNAMIC_NO_PIC = NO;
				GCC_NO_COMMON_BLOCKS = YES;
				GCC_OPTIMIZATION_LEVEL = 0;
				GCC_PREPROCESSOR_DEFINITIONS = (
					"DEBUG=1",
					"$(inherited)",
				);
				GCC_WARN_64_TO_32_BIT_CONVERSION = YES;
				GCC_WARN_ABOUT_RETURN_TYPE = YES_ERROR;
				GCC_WARN_UNDECLARED_SELECTOR = YES;
				GCC_WARN_UNINITIALIZED_AUTOS = YES_AGGRESSIVE;
				GCC_WARN_UNUSED_FUNCTION = YES;
				GCC_WARN_UNUSED_VARIABLE = YES;
				IPHONEOS_DEPLOYMENT_TARGET = 10.3;
				MTL_ENABLE_DEBUG_INFO = YES;
				ONLY_ACTIVE_ARCH = YES;
				SDKROOT = iphoneos;
				SWIFT_ACTIVE_COMPILATION_CONDITIONS = DEBUG;
				SWIFT_OPTIMIZATION_LEVEL = "-Onone";
				TARGETED_DEVICE_FAMILY = "1,2";
			};
			name = Debug;
		};
		54D9A1BE1F628DB1006E0C76 /* Release */ = {
			isa = XCBuildConfiguration;
			buildSettings = {
				ALWAYS_SEARCH_USER_PATHS = NO;
				CLANG_ANALYZER_NONNULL = YES;
				CLANG_ANALYZER_NUMBER_OBJECT_CONVERSION = YES_AGGRESSIVE;
				CLANG_CXX_LANGUAGE_STANDARD = "gnu++0x";
				CLANG_CXX_LIBRARY = "libc++";
				CLANG_ENABLE_MODULES = YES;
				CLANG_ENABLE_OBJC_ARC = YES;
				CLANG_WARN_BOOL_CONVERSION = YES;
				CLANG_WARN_CONSTANT_CONVERSION = YES;
				CLANG_WARN_DIRECT_OBJC_ISA_USAGE = YES_ERROR;
				CLANG_WARN_DOCUMENTATION_COMMENTS = YES;
				CLANG_WARN_EMPTY_BODY = YES;
				CLANG_WARN_ENUM_CONVERSION = YES;
				CLANG_WARN_INFINITE_RECURSION = YES;
				CLANG_WARN_INT_CONVERSION = YES;
				CLANG_WARN_OBJC_ROOT_CLASS = YES_ERROR;
				CLANG_WARN_SUSPICIOUS_MOVE = YES;
				CLANG_WARN_UNREACHABLE_CODE = YES;
				CLANG_WARN__DUPLICATE_METHOD_MATCH = YES;
				"CODE_SIGN_IDENTITY[sdk=iphoneos*]" = "iPhone Developer";
				COPY_PHASE_STRIP = NO;
				DEBUG_INFORMATION_FORMAT = "dwarf-with-dsym";
				ENABLE_NS_ASSERTIONS = NO;
				ENABLE_STRICT_OBJC_MSGSEND = YES;
				GCC_C_LANGUAGE_STANDARD = gnu99;
				GCC_NO_COMMON_BLOCKS = YES;
				GCC_WARN_64_TO_32_BIT_CONVERSION = YES;
				GCC_WARN_ABOUT_RETURN_TYPE = YES_ERROR;
				GCC_WARN_UNDECLARED_SELECTOR = YES;
				GCC_WARN_UNINITIALIZED_AUTOS = YES_AGGRESSIVE;
				GCC_WARN_UNUSED_FUNCTION = YES;
				GCC_WARN_UNUSED_VARIABLE = YES;
				IPHONEOS_DEPLOYMENT_TARGET = 10.3;
				MTL_ENABLE_DEBUG_INFO = NO;
				SDKROOT = iphoneos;
				SWIFT_OPTIMIZATION_LEVEL = "-Owholemodule";
				TARGETED_DEVICE_FAMILY = "1,2";
				VALIDATE_PRODUCT = YES;
			};
			name = Release;
		};
		54D9A1C01F628DB1006E0C76 /* Debug */ = {
			isa = XCBuildConfiguration;
			buildSettings = {
				ASSETCATALOG_COMPILER_APPICON_NAME = AppIcon;
				CODE_SIGN_ENTITLEMENTS = PushNotification/PushNotification.entitlements;
				DEVELOPMENT_TEAM = 88JGBRLZ4C;
				INFOPLIST_FILE = PushNotification/Info.plist;
				LD_RUNPATH_SEARCH_PATHS = "$(inherited) @executable_path/Frameworks";
				PRODUCT_BUNDLE_IDENTIFIER = Aus.YuSUN.Shawn.PushNotification;
				PRODUCT_NAME = "$(TARGET_NAME)";
				SWIFT_VERSION = 3.0;
			};
			name = Debug;
		};
		54D9A1C11F628DB1006E0C76 /* Release */ = {
			isa = XCBuildConfiguration;
			buildSettings = {
				ASSETCATALOG_COMPILER_APPICON_NAME = AppIcon;
				CODE_SIGN_ENTITLEMENTS = PushNotification/PushNotification.entitlements;
				DEVELOPMENT_TEAM = 88JGBRLZ4C;
				INFOPLIST_FILE = PushNotification/Info.plist;
				LD_RUNPATH_SEARCH_PATHS = "$(inherited) @executable_path/Frameworks";
				PRODUCT_BUNDLE_IDENTIFIER = Aus.YuSUN.Shawn.PushNotification;
				PRODUCT_NAME = "$(TARGET_NAME)";
				SWIFT_VERSION = 3.0;
			};
			name = Release;
		};
/* End XCBuildConfiguration section */

/* Begin XCConfigurationList section */
		54D9A1A81F628DB1006E0C76 /* Build configuration list for PBXProject "PushNotification" */ = {
			isa = XCConfigurationList;
			buildConfigurations = (
				54D9A1BD1F628DB1006E0C76 /* Debug */,
				54D9A1BE1F628DB1006E0C76 /* Release */,
			);
			defaultConfigurationIsVisible = 0;
			defaultConfigurationName = Release;
		};
		54D9A1BF1F628DB1006E0C76 /* Build configuration list for PBXNativeTarget "PushNotification" */ = {
			isa = XCConfigurationList;
			buildConfigurations = (
				54D9A1C01F628DB1006E0C76 /* Debug */,
				54D9A1C11F628DB1006E0C76 /* Release */,
			);
			defaultConfigurationIsVisible = 0;
			defaultConfigurationName = Release;
		};
/* End XCConfigurationList section */
	};
	rootObject = 54D9A1A51F628DB1006E0C76 /* Project object */;
}
