// !$*UTF8*$!
{
	archiveVersion = 1;
	classes = {
	};
	objectVersion = 48;
	objects = {

/* Begin PBXBuildFile section */
		A86E4A0F1FC7E66E0081E18E /* AppDelegate.swift in Sources */ = {isa = PBXBuildFile; fileRef = A86E4A0E1FC7E66E0081E18E /* AppDelegate.swift */; };
		A86E4A111FC7E66E0081E18E /* ViewController.swift in Sources */ = {isa = PBXBuildFile; fileRef = A86E4A101FC7E66E0081E18E /* ViewController.swift */; };
		A86E4A141FC7E66E0081E18E /* Main.storyboard in Resources */ = {isa = PBXBuildFile; fileRef = A86E4A121FC7E66E0081E18E /* Main.storyboard */; };
		A86E4A161FC7E66E0081E18E /* Assets.xcassets in Resources */ = {isa = PBXBuildFile; fileRef = A86E4A151FC7E66E0081E18E /* Assets.xcassets */; };
		A86E4A191FC7E66E0081E18E /* LaunchScreen.storyboard in Resources */ = {isa = PBXBuildFile; fileRef = A86E4A171FC7E66E0081E18E /* LaunchScreen.storyboard */; };
		A8E5C80F1FCB81F900A9C423 /* ImageCollectionViewCell.swift in Sources */ = {isa = PBXBuildFile; fileRef = A8E5C80E1FCB81F800A9C423 /* ImageCollectionViewCell.swift */; };
		A8FAAF071FCB8CDE00764AA2 /* SecondVC.swift in Sources */ = {isa = PBXBuildFile; fileRef = A8FAAF061FCB8CDE00764AA2 /* SecondVC.swift */; };
/* End PBXBuildFile section */

/* Begin PBXFileReference section */
		A86E4A0B1FC7E66E0081E18E /* CustomNavigationControllerTransition.app */ = {isa = PBXFileReference; explicitFileType = wrapper.application; includeInIndex = 0; path = CustomNavigationControllerTransition.app; sourceTree = BUILT_PRODUCTS_DIR; };
		A86E4A0E1FC7E66E0081E18E /* AppDelegate.swift */ = {isa = PBXFileReference; lastKnownFileType = sourcecode.swift; path = AppDelegate.swift; sourceTree = "<group>"; };
		A86E4A101FC7E66E0081E18E /* ViewController.swift */ = {isa = PBXFileReference; lastKnownFileType = sourcecode.swift; path = ViewController.swift; sourceTree = "<group>"; };
		A86E4A131FC7E66E0081E18E /* Base */ = {isa = PBXFileReference; lastKnownFileType = file.storyboard; name = Base; path = Base.lproj/Main.storyboard; sourceTree = "<group>"; };
		A86E4A151FC7E66E0081E18E /* Assets.xcassets */ = {isa = PBXFileReference; lastKnownFileType = folder.assetcatalog; path = Assets.xcassets; sourceTree = "<group>"; };
		A86E4A181FC7E66E0081E18E /* Base */ = {isa = PBXFileReference; lastKnownFileType = file.storyboard; name = Base; path = Base.lproj/LaunchScreen.storyboard; sourceTree = "<group>"; };
		A86E4A1A1FC7E66E0081E18E /* Info.plist */ = {isa = PBXFileReference; lastKnownFileType = text.plist.xml; path = Info.plist; sourceTree = "<group>"; };
		A8E5C80E1FCB81F800A9C423 /* ImageCollectionViewCell.swift */ = {isa = PBXFileReference; fileEncoding = 4; lastKnownFileType = sourcecode.swift; name = ImageCollectionViewCell.swift; path = ../../CollectionViewLearning/CollectionViewLearning/ImageCollectionViewCell.swift; sourceTree = "<group>"; };
		A8FAAF061FCB8CDE00764AA2 /* SecondVC.swift */ = {isa = PBXFileReference; lastKnownFileType = sourcecode.swift; path = SecondVC.swift; sourceTree = "<group>"; };
/* End PBXFileReference section */

/* Begin PBXFrameworksBuildPhase section */
		A86E4A081FC7E66E0081E18E /* Frameworks */ = {
			isa = PBXFrameworksBuildPhase;
			buildActionMask = 2147483647;
			files = (
			);
			runOnlyForDeploymentPostprocessing = 0;
		};
/* End PBXFrameworksBuildPhase section */

/* Begin PBXGroup section */
		A86E4A021FC7E66E0081E18E = {
			isa = PBXGroup;
			children = (
				A86E4A0D1FC7E66E0081E18E /* CustomNavigationControllerTransition */,
				A86E4A0C1FC7E66E0081E18E /* Products */,
			);
			sourceTree = "<group>";
		};
		A86E4A0C1FC7E66E0081E18E /* Products */ = {
			isa = PBXGroup;
			children = (
				A86E4A0B1FC7E66E0081E18E /* CustomNavigationControllerTransition.app */,
			);
			name = Products;
			sourceTree = "<group>";
		};
		A86E4A0D1FC7E66E0081E18E /* CustomNavigationControllerTransition */ = {
			isa = PBXGroup;
			children = (
				A86E4A101FC7E66E0081E18E /* ViewController.swift */,
				A8FAAF061FCB8CDE00764AA2 /* SecondVC.swift */,
				A86E4A121FC7E66E0081E18E /* Main.storyboard */,
				A8E5C80E1FCB81F800A9C423 /* ImageCollectionViewCell.swift */,
				A86E4A201FC7E6840081E18E /* Supporting File */,
			);
			path = CustomNavigationControllerTransition;
			sourceTree = "<group>";
		};
		A86E4A201FC7E6840081E18E /* Supporting File */ = {
			isa = PBXGroup;
			children = (
				A86E4A0E1FC7E66E0081E18E /* AppDelegate.swift */,
				A86E4A151FC7E66E0081E18E /* Assets.xcassets */,
				A86E4A1A1FC7E66E0081E18E /* Info.plist */,
				A86E4A171FC7E66E0081E18E /* LaunchScreen.storyboard */,
			);
			name = "Supporting File";
			sourceTree = "<group>";
		};
/* End PBXGroup section */

/* Begin PBXNativeTarget section */
		A86E4A0A1FC7E66E0081E18E /* CustomNavigationControllerTransition */ = {
			isa = PBXNativeTarget;
			buildConfigurationList = A86E4A1D1FC7E66E0081E18E /* Build configuration list for PBXNativeTarget "CustomNavigationControllerTransition" */;
			buildPhases = (
				A86E4A071FC7E66E0081E18E /* Sources */,
				A86E4A081FC7E66E0081E18E /* Frameworks */,
				A86E4A091FC7E66E0081E18E /* Resources */,
			);
			buildRules = (
			);
			dependencies = (
			);
			name = CustomNavigationControllerTransition;
			productName = CustomNavigationControllerTransition;
			productReference = A86E4A0B1FC7E66E0081E18E /* CustomNavigationControllerTransition.app */;
			productType = "com.apple.product-type.application";
		};
/* End PBXNativeTarget section */

/* Begin PBXProject section */
		A86E4A031FC7E66E0081E18E /* Project object */ = {
			isa = PBXProject;
			attributes = {
				LastSwiftUpdateCheck = 0910;
				LastUpgradeCheck = 0910;
				ORGANIZATIONNAME = "Yu Sun";
				TargetAttributes = {
					A86E4A0A1FC7E66E0081E18E = {
						CreatedOnToolsVersion = 9.1;
						ProvisioningStyle = Automatic;
					};
				};
			};
			buildConfigurationList = A86E4A061FC7E66E0081E18E /* Build configuration list for PBXProject "CustomNavigationControllerTransition" */;
			compatibilityVersion = "Xcode 8.0";
			developmentRegion = en;
			hasScannedForEncodings = 0;
			knownRegions = (
				en,
				Base,
			);
			mainGroup = A86E4A021FC7E66E0081E18E;
			productRefGroup = A86E4A0C1FC7E66E0081E18E /* Products */;
			projectDirPath = "";
			projectRoot = "";
			targets = (
				A86E4A0A1FC7E66E0081E18E /* CustomNavigationControllerTransition */,
			);
		};
/* End PBXProject section */

/* Begin PBXResourcesBuildPhase section */
		A86E4A091FC7E66E0081E18E /* Resources */ = {
			isa = PBXResourcesBuildPhase;
			buildActionMask = 2147483647;
			files = (
				A86E4A191FC7E66E0081E18E /* LaunchScreen.storyboard in Resources */,
				A86E4A161FC7E66E0081E18E /* Assets.xcassets in Resources */,
				A86E4A141FC7E66E0081E18E /* Main.storyboard in Resources */,
			);
			runOnlyForDeploymentPostprocessing = 0;
		};
/* End PBXResourcesBuildPhase section */

/* Begin PBXSourcesBuildPhase section */
		A86E4A071FC7E66E0081E18E /* Sources */ = {
			isa = PBXSourcesBuildPhase;
			buildActionMask = 2147483647;
			files = (
				A8E5C80F1FCB81F900A9C423 /* ImageCollectionViewCell.swift in Sources */,
				A86E4A111FC7E66E0081E18E /* ViewController.swift in Sources */,
				A8FAAF071FCB8CDE00764AA2 /* SecondVC.swift in Sources */,
				A86E4A0F1FC7E66E0081E18E /* AppDelegate.swift in Sources */,
			);
			runOnlyForDeploymentPostprocessing = 0;
		};
/* End PBXSourcesBuildPhase section */

/* Begin PBXVariantGroup section */
		A86E4A121FC7E66E0081E18E /* Main.storyboard */ = {
			isa = PBXVariantGroup;
			children = (
				A86E4A131FC7E66E0081E18E /* Base */,
			);
			name = Main.storyboard;
			sourceTree = "<group>";
		};
		A86E4A171FC7E66E0081E18E /* LaunchScreen.storyboard */ = {
			isa = PBXVariantGroup;
			children = (
				A86E4A181FC7E66E0081E18E /* Base */,
			);
			name = LaunchScreen.storyboard;
			sourceTree = "<group>";
		};
/* End PBXVariantGroup section */

/* Begin XCBuildConfiguration section */
		A86E4A1B1FC7E66E0081E18E /* Debug */ = {
			isa = XCBuildConfiguration;
			buildSettings = {
				ALWAYS_SEARCH_USER_PATHS = NO;
				CLANG_ANALYZER_NONNULL = YES;
				CLANG_ANALYZER_NUMBER_OBJECT_CONVERSION = YES_AGGRESSIVE;
				CLANG_CXX_LANGUAGE_STANDARD = "gnu++14";
				CLANG_CXX_LIBRARY = "libc++";
				CLANG_ENABLE_MODULES = YES;
				CLANG_ENABLE_OBJC_ARC = YES;
				CLANG_WARN_BLOCK_CAPTURE_AUTORELEASING = YES;
				CLANG_WARN_BOOL_CONVERSION = YES;
				CLANG_WARN_COMMA = YES;
				CLANG_WARN_CONSTANT_CONVERSION = YES;
				CLANG_WARN_DIRECT_OBJC_ISA_USAGE = YES_ERROR;
				CLANG_WARN_DOCUMENTATION_COMMENTS = YES;
				CLANG_WARN_EMPTY_BODY = YES;
				CLANG_WARN_ENUM_CONVERSION = YES;
				CLANG_WARN_INFINITE_RECURSION = YES;
				CLANG_WARN_INT_CONVERSION = YES;
				CLANG_WARN_NON_LITERAL_NULL_CONVERSION = YES;
				CLANG_WARN_OBJC_LITERAL_CONVERSION = YES;
				CLANG_WARN_OBJC_ROOT_CLASS = YES_ERROR;
				CLANG_WARN_RANGE_LOOP_ANALYSIS = YES;
				CLANG_WARN_STRICT_PROTOTYPES = YES;
				CLANG_WARN_SUSPICIOUS_MOVE = YES;
				CLANG_WARN_UNGUARDED_AVAILABILITY = YES_AGGRESSIVE;
				CLANG_WARN_UNREACHABLE_CODE = YES;
				CLANG_WARN__DUPLICATE_METHOD_MATCH = YES;
				CODE_SIGN_IDENTITY = "iPhone Developer";
				COPY_PHASE_STRIP = NO;
				DEBUG_INFORMATION_FORMAT = dwarf;
				ENABLE_STRICT_OBJC_MSGSEND = YES;
				ENABLE_TESTABILITY = YES;
				GCC_C_LANGUAGE_STANDARD = gnu11;
				GCC_DYNAMIC_NO_PIC = NO;
				GCC_NO_COMMON_BLOCKS = YES;
				GCC_OPTIMIZATION_LEVEL = 0;
				GCC_PREPROCESSOR_DEFINITIONS = (
					"DEBUG=1",
					"$(inherited)",
				);
				GCC_WARN_64_TO_32_BIT_CONVERSION = YES;
				GCC_WARN_ABOUT_RETURN_TYPE = YES_ERROR;
				GCC_WARN_UNDECLARED_SELECTOR = YES;
				GCC_WARN_UNINITIALIZED_AUTOS = YES_AGGRESSIVE;
				GCC_WARN_UNUSED_FUNCTION = YES;
				GCC_WARN_UNUSED_VARIABLE = YES;
				IPHONEOS_DEPLOYMENT_TARGET = 11.1;
				MTL_ENABLE_DEBUG_INFO = YES;
				ONLY_ACTIVE_ARCH = YES;
				SDKROOT = iphoneos;
				SWIFT_ACTIVE_COMPILATION_CONDITIONS = DEBUG;
				SWIFT_OPTIMIZATION_LEVEL = "-Onone";
			};
			name = Debug;
		};
		A86E4A1C1FC7E66E0081E18E /* Release */ = {
			isa = XCBuildConfiguration;
			buildSettings = {
				ALWAYS_SEARCH_USER_PATHS = NO;
				CLANG_ANALYZER_NONNULL = YES;
				CLANG_ANALYZER_NUMBER_OBJECT_CONVERSION = YES_AGGRESSIVE;
				CLANG_CXX_LANGUAGE_STANDARD = "gnu++14";
				CLANG_CXX_LIBRARY = "libc++";
				CLANG_ENABLE_MODULES = YES;
				CLANG_ENABLE_OBJC_ARC = YES;
				CLANG_WARN_BLOCK_CAPTURE_AUTORELEASING = YES;
				CLANG_WARN_BOOL_CONVERSION = YES;
				CLANG_WARN_COMMA = YES;
				CLANG_WARN_CONSTANT_CONVERSION = YES;
				CLANG_WARN_DIRECT_OBJC_ISA_USAGE = YES_ERROR;
				CLANG_WARN_DOCUMENTATION_COMMENTS = YES;
				CLANG_WARN_EMPTY_BODY = YES;
				CLANG_WARN_ENUM_CONVERSION = YES;
				CLANG_WARN_INFINITE_RECURSION = YES;
				CLANG_WARN_INT_CONVERSION = YES;
				CLANG_WARN_NON_LITERAL_NULL_CONVERSION = YES;
				CLANG_WARN_OBJC_LITERAL_CONVERSION = YES;
				CLANG_WARN_OBJC_ROOT_CLASS = YES_ERROR;
				CLANG_WARN_RANGE_LOOP_ANALYSIS = YES;
				CLANG_WARN_STRICT_PROTOTYPES = YES;
				CLANG_WARN_SUSPICIOUS_MOVE = YES;
				CLANG_WARN_UNGUARDED_AVAILABILITY = YES_AGGRESSIVE;
				CLANG_WARN_UNREACHABLE_CODE = YES;
				CLANG_WARN__DUPLICATE_METHOD_MATCH = YES;
				CODE_SIGN_IDENTITY = "iPhone Developer";
				COPY_PHASE_STRIP = NO;
				DEBUG_INFORMATION_FORMAT = "dwarf-with-dsym";
				ENABLE_NS_ASSERTIONS = NO;
				ENABLE_STRICT_OBJC_MSGSEND = YES;
				GCC_C_LANGUAGE_STANDARD = gnu11;
				GCC_NO_COMMON_BLOCKS = YES;
				GCC_WARN_64_TO_32_BIT_CONVERSION = YES;
				GCC_WARN_ABOUT_RETURN_TYPE = YES_ERROR;
				GCC_WARN_UNDECLARED_SELECTOR = YES;
				GCC_WARN_UNINITIALIZED_AUTOS = YES_AGGRESSIVE;
				GCC_WARN_UNUSED_FUNCTION = YES;
				GCC_WARN_UNUSED_VARIABLE = YES;
				IPHONEOS_DEPLOYMENT_TARGET = 11.1;
				MTL_ENABLE_DEBUG_INFO = NO;
				SDKROOT = iphoneos;
				SWIFT_OPTIMIZATION_LEVEL = "-Owholemodule";
				VALIDATE_PRODUCT = YES;
			};
			name = Release;
		};
		A86E4A1E1FC7E66E0081E18E /* Debug */ = {
			isa = XCBuildConfiguration;
			buildSettings = {
				ASSETCATALOG_COMPILER_APPICON_NAME = AppIcon;
				CODE_SIGN_STYLE = Automatic;
				DEVELOPMENT_TEAM = 88JGBRLZ4C;
				INFOPLIST_FILE = CustomNavigationControllerTransition/Info.plist;
				LD_RUNPATH_SEARCH_PATHS = "$(inherited) @executable_path/Frameworks";
				PRODUCT_BUNDLE_IDENTIFIER = au.com.test.CustomNavigationControllerTransition;
				PRODUCT_NAME = "$(TARGET_NAME)";
				SWIFT_VERSION = 4.0;
				TARGETED_DEVICE_FAMILY = "1,2";
			};
			name = Debug;
		};
		A86E4A1F1FC7E66E0081E18E /* Release */ = {
			isa = XCBuildConfiguration;
			buildSettings = {
				ASSETCATALOG_COMPILER_APPICON_NAME = AppIcon;
				CODE_SIGN_STYLE = Automatic;
				DEVELOPMENT_TEAM = 88JGBRLZ4C;
				INFOPLIST_FILE = CustomNavigationControllerTransition/Info.plist;
				LD_RUNPATH_SEARCH_PATHS = "$(inherited) @executable_path/Frameworks";
				PRODUCT_BUNDLE_IDENTIFIER = au.com.test.CustomNavigationControllerTransition;
				PRODUCT_NAME = "$(TARGET_NAME)";
				SWIFT_VERSION = 4.0;
				TARGETED_DEVICE_FAMILY = "1,2";
			};
			name = Release;
		};
/* End XCBuildConfiguration section */

/* Begin XCConfigurationList section */
		A86E4A061FC7E66E0081E18E /* Build configuration list for PBXProject "CustomNavigationControllerTransition" */ = {
			isa = XCConfigurationList;
			buildConfigurations = (
				A86E4A1B1FC7E66E0081E18E /* Debug */,
				A86E4A1C1FC7E66E0081E18E /* Release */,
			);
			defaultConfigurationIsVisible = 0;
			defaultConfigurationName = Release;
		};
		A86E4A1D1FC7E66E0081E18E /* Build configuration list for PBXNativeTarget "CustomNavigationControllerTransition" */ = {
			isa = XCConfigurationList;
			buildConfigurations = (
				A86E4A1E1FC7E66E0081E18E /* Debug */,
				A86E4A1F1FC7E66E0081E18E /* Release */,
			);
			defaultConfigurationIsVisible = 0;
			defaultConfigurationName = Release;
		};
/* End XCConfigurationList section */
	};
	rootObject = A86E4A031FC7E66E0081E18E /* Project object */;
}
